// !$*UTF8*$!
{
	archiveVersion = 1;
	classes = {
	};
	objectVersion = 46;
	objects = {

/* Begin PBXBuildFile section */
		06164BA81B6C6C720085D1EA /* MyApp.cpp in Sources */ = {isa = PBXBuildFile; fileRef = 06164BA61B6C6C720085D1EA /* MyApp.cpp */; };
		0634E9401B6682810001B2C3 /* libg7221codec-arm-apple-darwin9.a in Frameworks */ = {isa = PBXBuildFile; fileRef = 0634E9311B6682810001B2C3 /* libg7221codec-arm-apple-darwin9.a */; };
		0634E9411B6682810001B2C3 /* libgsmcodec-arm-apple-darwin9.a in Frameworks */ = {isa = PBXBuildFile; fileRef = 0634E9321B6682810001B2C3 /* libgsmcodec-arm-apple-darwin9.a */; };
		0634E9421B6682810001B2C3 /* libilbccodec-arm-apple-darwin9.a in Frameworks */ = {isa = PBXBuildFile; fileRef = 0634E9331B6682810001B2C3 /* libilbccodec-arm-apple-darwin9.a */; };
		0634E9431B6682810001B2C3 /* libpj-arm-apple-darwin9.a in Frameworks */ = {isa = PBXBuildFile; fileRef = 0634E9341B6682810001B2C3 /* libpj-arm-apple-darwin9.a */; };
		0634E9441B6682810001B2C3 /* libpjlib-util-arm-apple-darwin9.a in Frameworks */ = {isa = PBXBuildFile; fileRef = 0634E9351B6682810001B2C3 /* libpjlib-util-arm-apple-darwin9.a */; };
		0634E9451B6682810001B2C3 /* libpjmedia-arm-apple-darwin9.a in Frameworks */ = {isa = PBXBuildFile; fileRef = 0634E9361B6682810001B2C3 /* libpjmedia-arm-apple-darwin9.a */; };
		0634E9461B6682810001B2C3 /* libpjmedia-audiodev-arm-apple-darwin9.a in Frameworks */ = {isa = PBXBuildFile; fileRef = 0634E9371B6682810001B2C3 /* libpjmedia-audiodev-arm-apple-darwin9.a */; };
		0634E9471B6682810001B2C3 /* libpjmedia-codec-arm-apple-darwin9.a in Frameworks */ = {isa = PBXBuildFile; fileRef = 0634E9381B6682810001B2C3 /* libpjmedia-codec-arm-apple-darwin9.a */; };
		0634E9481B6682810001B2C3 /* libpjmedia-videodev-arm-apple-darwin9.a in Frameworks */ = {isa = PBXBuildFile; fileRef = 0634E9391B6682810001B2C3 /* libpjmedia-videodev-arm-apple-darwin9.a */; };
		0634E9491B6682810001B2C3 /* libpjnath-arm-apple-darwin9.a in Frameworks */ = {isa = PBXBuildFile; fileRef = 0634E93A1B6682810001B2C3 /* libpjnath-arm-apple-darwin9.a */; };
		0634E94A1B6682810001B2C3 /* libpjsip-arm-apple-darwin9.a in Frameworks */ = {isa = PBXBuildFile; fileRef = 0634E93B1B6682810001B2C3 /* libpjsip-arm-apple-darwin9.a */; };
		0634E94B1B6682810001B2C3 /* libpjsip-simple-arm-apple-darwin9.a in Frameworks */ = {isa = PBXBuildFile; fileRef = 0634E93C1B6682810001B2C3 /* libpjsip-simple-arm-apple-darwin9.a */; };
		0634E94C1B6682810001B2C3 /* libpjsip-ua-arm-apple-darwin9.a in Frameworks */ = {isa = PBXBuildFile; fileRef = 0634E93D1B6682810001B2C3 /* libpjsip-ua-arm-apple-darwin9.a */; };
		0634E94D1B6682810001B2C3 /* libpjsua-arm-apple-darwin9.a in Frameworks */ = {isa = PBXBuildFile; fileRef = 0634E93E1B6682810001B2C3 /* libpjsua-arm-apple-darwin9.a */; };
		0634E94E1B6682810001B2C3 /* libpjsua2-arm-apple-darwin9.a in Frameworks */ = {isa = PBXBuildFile; fileRef = 0634E93F1B6682810001B2C3 /* libpjsua2-arm-apple-darwin9.a */; };
		0634E9681B6683400001B2C3 /* libresample-arm-apple-darwin9.a in Frameworks */ = {isa = PBXBuildFile; fileRef = 0634E9651B6683400001B2C3 /* libresample-arm-apple-darwin9.a */; };
		0634E9691B6683400001B2C3 /* libspeex-arm-apple-darwin9.a in Frameworks */ = {isa = PBXBuildFile; fileRef = 0634E9661B6683400001B2C3 /* libspeex-arm-apple-darwin9.a */; };
		0634E96A1B6683400001B2C3 /* libsrtp-arm-apple-darwin9.a in Frameworks */ = {isa = PBXBuildFile; fileRef = 0634E9671B6683400001B2C3 /* libsrtp-arm-apple-darwin9.a */; };
		0634E96D1B66852C0001B2C3 /* libyuv_neon.a in Frameworks */ = {isa = PBXBuildFile; fileRef = 0634E96B1B66852C0001B2C3 /* libyuv_neon.a */; };
		0634E96E1B66852C0001B2C3 /* libyuv.a in Frameworks */ = {isa = PBXBuildFile; fileRef = 0634E96C1B66852C0001B2C3 /* libyuv.a */; };
		0634E9701B6685470001B2C3 /* libopenh264.a in Frameworks */ = {isa = PBXBuildFile; fileRef = 0634E96F1B6685470001B2C3 /* libopenh264.a */; };
		0634E9741B6686390001B2C3 /* CoreAudio.framework in Frameworks */ = {isa = PBXBuildFile; fileRef = 0634E9731B6686390001B2C3 /* CoreAudio.framework */; };
		0634E9761B6686430001B2C3 /* CoreFoundation.framework in Frameworks */ = {isa = PBXBuildFile; fileRef = 0634E9751B6686430001B2C3 /* CoreFoundation.framework */; };
		0634E9781B66864C0001B2C3 /* AudioToolbox.framework in Frameworks */ = {isa = PBXBuildFile; fileRef = 0634E9771B66864C0001B2C3 /* AudioToolbox.framework */; };
		0634E97A1B6686530001B2C3 /* CFNetwork.framework in Frameworks */ = {isa = PBXBuildFile; fileRef = 0634E9791B6686530001B2C3 /* CFNetwork.framework */; };
		0634E97C1B66865A0001B2C3 /* UIKit.framework in Frameworks */ = {isa = PBXBuildFile; fileRef = 0634E97B1B66865A0001B2C3 /* UIKit.framework */; };
		0634E97E1B6686620001B2C3 /* OpenGLES.framework in Frameworks */ = {isa = PBXBuildFile; fileRef = 0634E97D1B6686620001B2C3 /* OpenGLES.framework */; };
		0634E9801B6686690001B2C3 /* AVFoundation.framework in Frameworks */ = {isa = PBXBuildFile; fileRef = 0634E97F1B6686690001B2C3 /* AVFoundation.framework */; };
		0634E9821B6686710001B2C3 /* CoreGraphics.framework in Frameworks */ = {isa = PBXBuildFile; fileRef = 0634E9811B6686710001B2C3 /* CoreGraphics.framework */; };
		0634E9841B6686770001B2C3 /* QuartzCore.framework in Frameworks */ = {isa = PBXBuildFile; fileRef = 0634E9831B6686770001B2C3 /* QuartzCore.framework */; };
		0634E9861B66867D0001B2C3 /* CoreVideo.framework in Frameworks */ = {isa = PBXBuildFile; fileRef = 0634E9851B66867D0001B2C3 /* CoreVideo.framework */; };
		0634E9881B6686830001B2C3 /* CoreMedia.framework in Frameworks */ = {isa = PBXBuildFile; fileRef = 0634E9871B6686830001B2C3 /* CoreMedia.framework */; };
		065C29C61B64D8FF00E80339 /* main.mm in Sources */ = {isa = PBXBuildFile; fileRef = 065C29C51B64D8FF00E80339 /* main.mm */; };
		065C29CC1B64D8FF00E80339 /* ViewController.m in Sources */ = {isa = PBXBuildFile; fileRef = 065C29CB1B64D8FF00E80339 /* ViewController.m */; };
		065C29CF1B64D8FF00E80339 /* Main.storyboard in Resources */ = {isa = PBXBuildFile; fileRef = 065C29CD1B64D8FF00E80339 /* Main.storyboard */; };
		065C29D11B64D8FF00E80339 /* Images.xcassets in Resources */ = {isa = PBXBuildFile; fileRef = 065C29D01B64D8FF00E80339 /* Images.xcassets */; };
		065C29D41B64D8FF00E80339 /* LaunchScreen.xib in Resources */ = {isa = PBXBuildFile; fileRef = 065C29D21B64D8FF00E80339 /* LaunchScreen.xib */; };
		065C29E01B64D8FF00E80339 /* GoodLuckTests.m in Sources */ = {isa = PBXBuildFile; fileRef = 065C29DF1B64D8FF00E80339 /* GoodLuckTests.m */; };
		065C29EC1B64DB8F00E80339 /* AppDelegate.m in Sources */ = {isa = PBXBuildFile; fileRef = 065C29EB1B64DB8F00E80339 /* AppDelegate.m */; };
/* End PBXBuildFile section */

/* Begin PBXContainerItemProxy section */
		065C29DA1B64D8FF00E80339 /* PBXContainerItemProxy */ = {
			isa = PBXContainerItemProxy;
			containerPortal = 065C29B81B64D8FF00E80339 /* Project object */;
			proxyType = 1;
			remoteGlobalIDString = 065C29BF1B64D8FF00E80339;
			remoteInfo = GoodLuck;
		};
/* End PBXContainerItemProxy section */

/* Begin PBXFileReference section */
		06164BA61B6C6C720085D1EA /* MyApp.cpp */ = {isa = PBXFileReference; fileEncoding = 4; lastKnownFileType = sourcecode.cpp.cpp; path = MyApp.cpp; sourceTree = "<group>"; };
		06164BA71B6C6C720085D1EA /* MyApp.h */ = {isa = PBXFileReference; fileEncoding = 4; lastKnownFileType = sourcecode.c.h; path = MyApp.h; sourceTree = "<group>"; };
		0634E9311B6682810001B2C3 /* libg7221codec-arm-apple-darwin9.a */ = {isa = PBXFileReference; lastKnownFileType = archive.ar; name = "libg7221codec-arm-apple-darwin9.a"; path = "lib/libg7221codec-arm-apple-darwin9.a"; sourceTree = "<group>"; };
		0634E9321B6682810001B2C3 /* libgsmcodec-arm-apple-darwin9.a */ = {isa = PBXFileReference; lastKnownFileType = archive.ar; name = "libgsmcodec-arm-apple-darwin9.a"; path = "lib/libgsmcodec-arm-apple-darwin9.a"; sourceTree = "<group>"; };
		0634E9331B6682810001B2C3 /* libilbccodec-arm-apple-darwin9.a */ = {isa = PBXFileReference; lastKnownFileType = archive.ar; name = "libilbccodec-arm-apple-darwin9.a"; path = "lib/libilbccodec-arm-apple-darwin9.a"; sourceTree = "<group>"; };
		0634E9341B6682810001B2C3 /* libpj-arm-apple-darwin9.a */ = {isa = PBXFileReference; lastKnownFileType = archive.ar; name = "libpj-arm-apple-darwin9.a"; path = "lib/libpj-arm-apple-darwin9.a"; sourceTree = "<group>"; };
		0634E9351B6682810001B2C3 /* libpjlib-util-arm-apple-darwin9.a */ = {isa = PBXFileReference; lastKnownFileType = archive.ar; name = "libpjlib-util-arm-apple-darwin9.a"; path = "lib/libpjlib-util-arm-apple-darwin9.a"; sourceTree = "<group>"; };
		0634E9361B6682810001B2C3 /* libpjmedia-arm-apple-darwin9.a */ = {isa = PBXFileReference; lastKnownFileType = archive.ar; name = "libpjmedia-arm-apple-darwin9.a"; path = "lib/libpjmedia-arm-apple-darwin9.a"; sourceTree = "<group>"; };
		0634E9371B6682810001B2C3 /* libpjmedia-audiodev-arm-apple-darwin9.a */ = {isa = PBXFileReference; lastKnownFileType = archive.ar; name = "libpjmedia-audiodev-arm-apple-darwin9.a"; path = "lib/libpjmedia-audiodev-arm-apple-darwin9.a"; sourceTree = "<group>"; };
		0634E9381B6682810001B2C3 /* libpjmedia-codec-arm-apple-darwin9.a */ = {isa = PBXFileReference; lastKnownFileType = archive.ar; name = "libpjmedia-codec-arm-apple-darwin9.a"; path = "lib/libpjmedia-codec-arm-apple-darwin9.a"; sourceTree = "<group>"; };
		0634E9391B6682810001B2C3 /* libpjmedia-videodev-arm-apple-darwin9.a */ = {isa = PBXFileReference; lastKnownFileType = archive.ar; name = "libpjmedia-videodev-arm-apple-darwin9.a"; path = "lib/libpjmedia-videodev-arm-apple-darwin9.a"; sourceTree = "<group>"; };
		0634E93A1B6682810001B2C3 /* libpjnath-arm-apple-darwin9.a */ = {isa = PBXFileReference; lastKnownFileType = archive.ar; name = "libpjnath-arm-apple-darwin9.a"; path = "lib/libpjnath-arm-apple-darwin9.a"; sourceTree = "<group>"; };
		0634E93B1B6682810001B2C3 /* libpjsip-arm-apple-darwin9.a */ = {isa = PBXFileReference; lastKnownFileType = archive.ar; name = "libpjsip-arm-apple-darwin9.a"; path = "lib/libpjsip-arm-apple-darwin9.a"; sourceTree = "<group>"; };
		0634E93C1B6682810001B2C3 /* libpjsip-simple-arm-apple-darwin9.a */ = {isa = PBXFileReference; lastKnownFileType = archive.ar; name = "libpjsip-simple-arm-apple-darwin9.a"; path = "lib/libpjsip-simple-arm-apple-darwin9.a"; sourceTree = "<group>"; };
		0634E93D1B6682810001B2C3 /* libpjsip-ua-arm-apple-darwin9.a */ = {isa = PBXFileReference; lastKnownFileType = archive.ar; name = "libpjsip-ua-arm-apple-darwin9.a"; path = "lib/libpjsip-ua-arm-apple-darwin9.a"; sourceTree = "<group>"; };
		0634E93E1B6682810001B2C3 /* libpjsua-arm-apple-darwin9.a */ = {isa = PBXFileReference; lastKnownFileType = archive.ar; name = "libpjsua-arm-apple-darwin9.a"; path = "lib/libpjsua-arm-apple-darwin9.a"; sourceTree = "<group>"; };
		0634E93F1B6682810001B2C3 /* libpjsua2-arm-apple-darwin9.a */ = {isa = PBXFileReference; lastKnownFileType = archive.ar; name = "libpjsua2-arm-apple-darwin9.a"; path = "lib/libpjsua2-arm-apple-darwin9.a"; sourceTree = "<group>"; };
		0634E9651B6683400001B2C3 /* libresample-arm-apple-darwin9.a */ = {isa = PBXFileReference; lastKnownFileType = archive.ar; name = "libresample-arm-apple-darwin9.a"; path = "../whitehorse/pjproject-2.4/third_party/lib/libresample-arm-apple-darwin9.a"; sourceTree = "<group>"; };
		0634E9661B6683400001B2C3 /* libspeex-arm-apple-darwin9.a */ = {isa = PBXFileReference; lastKnownFileType = archive.ar; name = "libspeex-arm-apple-darwin9.a"; path = "../whitehorse/pjproject-2.4/third_party/lib/libspeex-arm-apple-darwin9.a"; sourceTree = "<group>"; };
		0634E9671B6683400001B2C3 /* libsrtp-arm-apple-darwin9.a */ = {isa = PBXFileReference; lastKnownFileType = archive.ar; name = "libsrtp-arm-apple-darwin9.a"; path = "../whitehorse/pjproject-2.4/third_party/lib/libsrtp-arm-apple-darwin9.a"; sourceTree = "<group>"; };
		0634E96B1B66852C0001B2C3 /* libyuv_neon.a */ = {isa = PBXFileReference; lastKnownFileType = archive.ar; name = libyuv_neon.a; path = lib/libyuv_neon.a; sourceTree = "<group>"; };
		0634E96C1B66852C0001B2C3 /* libyuv.a */ = {isa = PBXFileReference; lastKnownFileType = archive.ar; name = libyuv.a; path = lib/libyuv.a; sourceTree = "<group>"; };
		0634E96F1B6685470001B2C3 /* libopenh264.a */ = {isa = PBXFileReference; lastKnownFileType = archive.ar; name = libopenh264.a; path = lib/libopenh264.a; sourceTree = "<group>"; };
		0634E9731B6686390001B2C3 /* CoreAudio.framework */ = {isa = PBXFileReference; lastKnownFileType = wrapper.framework; name = CoreAudio.framework; path = System/Library/Frameworks/CoreAudio.framework; sourceTree = SDKROOT; };
		0634E9751B6686430001B2C3 /* CoreFoundation.framework */ = {isa = PBXFileReference; lastKnownFileType = wrapper.framework; name = CoreFoundation.framework; path = System/Library/Frameworks/CoreFoundation.framework; sourceTree = SDKROOT; };
		0634E9771B66864C0001B2C3 /* AudioToolbox.framework */ = {isa = PBXFileReference; lastKnownFileType = wrapper.framework; name = AudioToolbox.framework; path = System/Library/Frameworks/AudioToolbox.framework; sourceTree = SDKROOT; };
		0634E9791B6686530001B2C3 /* CFNetwork.framework */ = {isa = PBXFileReference; lastKnownFileType = wrapper.framework; name = CFNetwork.framework; path = System/Library/Frameworks/CFNetwork.framework; sourceTree = SDKROOT; };
		0634E97B1B66865A0001B2C3 /* UIKit.framework */ = {isa = PBXFileReference; lastKnownFileType = wrapper.framework; name = UIKit.framework; path = System/Library/Frameworks/UIKit.framework; sourceTree = SDKROOT; };
		0634E97D1B6686620001B2C3 /* OpenGLES.framework */ = {isa = PBXFileReference; lastKnownFileType = wrapper.framework; name = OpenGLES.framework; path = System/Library/Frameworks/OpenGLES.framework; sourceTree = SDKROOT; };
		0634E97F1B6686690001B2C3 /* AVFoundation.framework */ = {isa = PBXFileReference; lastKnownFileType = wrapper.framework; name = AVFoundation.framework; path = System/Library/Frameworks/AVFoundation.framework; sourceTree = SDKROOT; };
		0634E9811B6686710001B2C3 /* CoreGraphics.framework */ = {isa = PBXFileReference; lastKnownFileType = wrapper.framework; name = CoreGraphics.framework; path = System/Library/Frameworks/CoreGraphics.framework; sourceTree = SDKROOT; };
		0634E9831B6686770001B2C3 /* QuartzCore.framework */ = {isa = PBXFileReference; lastKnownFileType = wrapper.framework; name = QuartzCore.framework; path = System/Library/Frameworks/QuartzCore.framework; sourceTree = SDKROOT; };
		0634E9851B66867D0001B2C3 /* CoreVideo.framework */ = {isa = PBXFileReference; lastKnownFileType = wrapper.framework; name = CoreVideo.framework; path = System/Library/Frameworks/CoreVideo.framework; sourceTree = SDKROOT; };
		0634E9871B6686830001B2C3 /* CoreMedia.framework */ = {isa = PBXFileReference; lastKnownFileType = wrapper.framework; name = CoreMedia.framework; path = System/Library/Frameworks/CoreMedia.framework; sourceTree = SDKROOT; };
		065C29C01B64D8FF00E80339 /* GoodLuck.app */ = {isa = PBXFileReference; explicitFileType = wrapper.application; includeInIndex = 0; path = GoodLuck.app; sourceTree = BUILT_PRODUCTS_DIR; };
		065C29C41B64D8FF00E80339 /* Info.plist */ = {isa = PBXFileReference; lastKnownFileType = text.plist.xml; path = Info.plist; sourceTree = "<group>"; };
		065C29C51B64D8FF00E80339 /* main.mm */ = {isa = PBXFileReference; lastKnownFileType = sourcecode.cpp.objcpp; path = main.mm; sourceTree = "<group>"; };
		065C29C71B64D8FF00E80339 /* AppDelegate.h */ = {isa = PBXFileReference; lastKnownFileType = sourcecode.c.h; path = AppDelegate.h; sourceTree = "<group>"; };
		065C29CA1B64D8FF00E80339 /* ViewController.h */ = {isa = PBXFileReference; lastKnownFileType = sourcecode.c.h; path = ViewController.h; sourceTree = "<group>"; };
		065C29CB1B64D8FF00E80339 /* ViewController.m */ = {isa = PBXFileReference; lastKnownFileType = sourcecode.c.objc; path = ViewController.m; sourceTree = "<group>"; };
		065C29CE1B64D8FF00E80339 /* Base */ = {isa = PBXFileReference; lastKnownFileType = file.storyboard; name = Base; path = Base.lproj/Main.storyboard; sourceTree = "<group>"; };
		065C29D01B64D8FF00E80339 /* Images.xcassets */ = {isa = PBXFileReference; lastKnownFileType = folder.assetcatalog; path = Images.xcassets; sourceTree = "<group>"; };
		065C29D31B64D8FF00E80339 /* Base */ = {isa = PBXFileReference; lastKnownFileType = file.xib; name = Base; path = Base.lproj/LaunchScreen.xib; sourceTree = "<group>"; };
		065C29D91B64D8FF00E80339 /* GoodLuckTests.xctest */ = {isa = PBXFileReference; explicitFileType = wrapper.cfbundle; includeInIndex = 0; path = GoodLuckTests.xctest; sourceTree = BUILT_PRODUCTS_DIR; };
		065C29DE1B64D8FF00E80339 /* Info.plist */ = {isa = PBXFileReference; lastKnownFileType = text.plist.xml; path = Info.plist; sourceTree = "<group>"; };
		065C29DF1B64D8FF00E80339 /* GoodLuckTests.m */ = {isa = PBXFileReference; lastKnownFileType = sourcecode.c.objc; path = GoodLuckTests.m; sourceTree = "<group>"; };
		065C29EB1B64DB8F00E80339 /* AppDelegate.m */ = {isa = PBXFileReference; fileEncoding = 4; lastKnownFileType = sourcecode.c.objc; path = AppDelegate.m; sourceTree = "<group>"; };
/* End PBXFileReference section */

/* Begin PBXFrameworksBuildPhase section */
		065C29BD1B64D8FF00E80339 /* Frameworks */ = {
			isa = PBXFrameworksBuildPhase;
			buildActionMask = 2147483647;
			files = (
				0634E9881B6686830001B2C3 /* CoreMedia.framework in Frameworks */,
				0634E9861B66867D0001B2C3 /* CoreVideo.framework in Frameworks */,
				0634E9841B6686770001B2C3 /* QuartzCore.framework in Frameworks */,
				0634E9821B6686710001B2C3 /* CoreGraphics.framework in Frameworks */,
				0634E9801B6686690001B2C3 /* AVFoundation.framework in Frameworks */,
				0634E97E1B6686620001B2C3 /* OpenGLES.framework in Frameworks */,
				0634E97C1B66865A0001B2C3 /* UIKit.framework in Frameworks */,
				0634E97A1B6686530001B2C3 /* CFNetwork.framework in Frameworks */,
				0634E9781B66864C0001B2C3 /* AudioToolbox.framework in Frameworks */,
				0634E9761B6686430001B2C3 /* CoreFoundation.framework in Frameworks */,
				0634E9741B6686390001B2C3 /* CoreAudio.framework in Frameworks */,
				0634E9691B6683400001B2C3 /* libspeex-arm-apple-darwin9.a in Frameworks */,
				0634E96D1B66852C0001B2C3 /* libyuv_neon.a in Frameworks */,
				0634E94D1B6682810001B2C3 /* libpjsua-arm-apple-darwin9.a in Frameworks */,
				0634E9411B6682810001B2C3 /* libgsmcodec-arm-apple-darwin9.a in Frameworks */,
				0634E96A1B6683400001B2C3 /* libsrtp-arm-apple-darwin9.a in Frameworks */,
				0634E9491B6682810001B2C3 /* libpjnath-arm-apple-darwin9.a in Frameworks */,
				0634E96E1B66852C0001B2C3 /* libyuv.a in Frameworks */,
				0634E9451B6682810001B2C3 /* libpjmedia-arm-apple-darwin9.a in Frameworks */,
				0634E9441B6682810001B2C3 /* libpjlib-util-arm-apple-darwin9.a in Frameworks */,
				0634E9681B6683400001B2C3 /* libresample-arm-apple-darwin9.a in Frameworks */,
				0634E9461B6682810001B2C3 /* libpjmedia-audiodev-arm-apple-darwin9.a in Frameworks */,
				0634E9421B6682810001B2C3 /* libilbccodec-arm-apple-darwin9.a in Frameworks */,
				0634E9401B6682810001B2C3 /* libg7221codec-arm-apple-darwin9.a in Frameworks */,
				0634E94B1B6682810001B2C3 /* libpjsip-simple-arm-apple-darwin9.a in Frameworks */,
				0634E9431B6682810001B2C3 /* libpj-arm-apple-darwin9.a in Frameworks */,
				0634E9471B6682810001B2C3 /* libpjmedia-codec-arm-apple-darwin9.a in Frameworks */,
				0634E94C1B6682810001B2C3 /* libpjsip-ua-arm-apple-darwin9.a in Frameworks */,
				0634E9481B6682810001B2C3 /* libpjmedia-videodev-arm-apple-darwin9.a in Frameworks */,
				0634E94A1B6682810001B2C3 /* libpjsip-arm-apple-darwin9.a in Frameworks */,
				0634E94E1B6682810001B2C3 /* libpjsua2-arm-apple-darwin9.a in Frameworks */,
				0634E9701B6685470001B2C3 /* libopenh264.a in Frameworks */,
			);
			runOnlyForDeploymentPostprocessing = 0;
		};
		065C29D61B64D8FF00E80339 /* Frameworks */ = {
			isa = PBXFrameworksBuildPhase;
			buildActionMask = 2147483647;
			files = (
			);
			runOnlyForDeploymentPostprocessing = 0;
		};
/* End PBXFrameworksBuildPhase section */

/* Begin PBXGroup section */
		0634E9711B6685A30001B2C3 /* Libraries */ = {
			isa = PBXGroup;
			children = (
				0634E9311B6682810001B2C3 /* libg7221codec-arm-apple-darwin9.a */,
				0634E9321B6682810001B2C3 /* libgsmcodec-arm-apple-darwin9.a */,
				0634E9331B6682810001B2C3 /* libilbccodec-arm-apple-darwin9.a */,
				0634E9341B6682810001B2C3 /* libpj-arm-apple-darwin9.a */,
				0634E9351B6682810001B2C3 /* libpjlib-util-arm-apple-darwin9.a */,
				0634E9361B6682810001B2C3 /* libpjmedia-arm-apple-darwin9.a */,
				0634E9371B6682810001B2C3 /* libpjmedia-audiodev-arm-apple-darwin9.a */,
				0634E9381B6682810001B2C3 /* libpjmedia-codec-arm-apple-darwin9.a */,
				0634E9391B6682810001B2C3 /* libpjmedia-videodev-arm-apple-darwin9.a */,
				0634E96B1B66852C0001B2C3 /* libyuv_neon.a */,
				0634E96C1B66852C0001B2C3 /* libyuv.a */,
				0634E93A1B6682810001B2C3 /* libpjnath-arm-apple-darwin9.a */,
				0634E93B1B6682810001B2C3 /* libpjsip-arm-apple-darwin9.a */,
				0634E93C1B6682810001B2C3 /* libpjsip-simple-arm-apple-darwin9.a */,
				0634E93D1B6682810001B2C3 /* libpjsip-ua-arm-apple-darwin9.a */,
				0634E93E1B6682810001B2C3 /* libpjsua-arm-apple-darwin9.a */,
				0634E93F1B6682810001B2C3 /* libpjsua2-arm-apple-darwin9.a */,
				0634E9651B6683400001B2C3 /* libresample-arm-apple-darwin9.a */,
				0634E9661B6683400001B2C3 /* libspeex-arm-apple-darwin9.a */,
				0634E9671B6683400001B2C3 /* libsrtp-arm-apple-darwin9.a */,
				0634E96F1B6685470001B2C3 /* libopenh264.a */,
			);
			name = Libraries;
			sourceTree = "<group>";
		};
		0634E9891B66868F0001B2C3 /* Frameworks */ = {
			isa = PBXGroup;
			children = (
				0634E9871B6686830001B2C3 /* CoreMedia.framework */,
				0634E9851B66867D0001B2C3 /* CoreVideo.framework */,
				0634E9831B6686770001B2C3 /* QuartzCore.framework */,
				0634E9811B6686710001B2C3 /* CoreGraphics.framework */,
				0634E97F1B6686690001B2C3 /* AVFoundation.framework */,
				0634E97D1B6686620001B2C3 /* OpenGLES.framework */,
				0634E97B1B66865A0001B2C3 /* UIKit.framework */,
				0634E9791B6686530001B2C3 /* CFNetwork.framework */,
				0634E9771B66864C0001B2C3 /* AudioToolbox.framework */,
				0634E9751B6686430001B2C3 /* CoreFoundation.framework */,
				0634E9731B6686390001B2C3 /* CoreAudio.framework */,
			);
			name = Frameworks;
			sourceTree = "<group>";
		};
		065C29B71B64D8FF00E80339 = {
			isa = PBXGroup;
			children = (
				0634E9891B66868F0001B2C3 /* Frameworks */,
				065C29C21B64D8FF00E80339 /* GoodLuck */,
				065C29DC1B64D8FF00E80339 /* GoodLuckTests */,
				065C29C11B64D8FF00E80339 /* Products */,
				0634E9711B6685A30001B2C3 /* Libraries */,
			);
			sourceTree = "<group>";
		};
		065C29C11B64D8FF00E80339 /* Products */ = {
			isa = PBXGroup;
			children = (
				065C29C01B64D8FF00E80339 /* GoodLuck.app */,
				065C29D91B64D8FF00E80339 /* GoodLuckTests.xctest */,
			);
			name = Products;
			sourceTree = "<group>";
		};
		065C29C21B64D8FF00E80339 /* GoodLuck */ = {
			isa = PBXGroup;
			children = (
				065C29C71B64D8FF00E80339 /* AppDelegate.h */,
				065C29CA1B64D8FF00E80339 /* ViewController.h */,
				065C29CB1B64D8FF00E80339 /* ViewController.m */,
				065C29EB1B64DB8F00E80339 /* AppDelegate.m */,
				065C29CD1B64D8FF00E80339 /* Main.storyboard */,
				065C29D01B64D8FF00E80339 /* Images.xcassets */,
				065C29D21B64D8FF00E80339 /* LaunchScreen.xib */,
				065C29C31B64D8FF00E80339 /* Supporting Files */,
			);
			path = GoodLuck;
			sourceTree = "<group>";
		};
		065C29C31B64D8FF00E80339 /* Supporting Files */ = {
			isa = PBXGroup;
			children = (
				065C29C41B64D8FF00E80339 /* Info.plist */,
				065C29C51B64D8FF00E80339 /* main.mm */,
				06164BA61B6C6C720085D1EA /* MyApp.cpp */,
				06164BA71B6C6C720085D1EA /* MyApp.h */,
			);
			name = "Supporting Files";
			sourceTree = "<group>";
		};
		065C29DC1B64D8FF00E80339 /* GoodLuckTests */ = {
			isa = PBXGroup;
			children = (
				065C29DF1B64D8FF00E80339 /* GoodLuckTests.m */,
				065C29DD1B64D8FF00E80339 /* Supporting Files */,
			);
			path = GoodLuckTests;
			sourceTree = "<group>";
		};
		065C29DD1B64D8FF00E80339 /* Supporting Files */ = {
			isa = PBXGroup;
			children = (
				065C29DE1B64D8FF00E80339 /* Info.plist */,
			);
			name = "Supporting Files";
			sourceTree = "<group>";
		};
/* End PBXGroup section */

/* Begin PBXNativeTarget section */
		065C29BF1B64D8FF00E80339 /* GoodLuck */ = {
			isa = PBXNativeTarget;
			buildConfigurationList = 065C29E31B64D8FF00E80339 /* Build configuration list for PBXNativeTarget "GoodLuck" */;
			buildPhases = (
				065C29BC1B64D8FF00E80339 /* Sources */,
				065C29BD1B64D8FF00E80339 /* Frameworks */,
				065C29BE1B64D8FF00E80339 /* Resources */,
			);
			buildRules = (
			);
			dependencies = (
			);
			name = GoodLuck;
			productName = GoodLuck;
			productReference = 065C29C01B64D8FF00E80339 /* GoodLuck.app */;
			productType = "com.apple.product-type.application";
		};
		065C29D81B64D8FF00E80339 /* GoodLuckTests */ = {
			isa = PBXNativeTarget;
			buildConfigurationList = 065C29E61B64D8FF00E80339 /* Build configuration list for PBXNativeTarget "GoodLuckTests" */;
			buildPhases = (
				065C29D51B64D8FF00E80339 /* Sources */,
				065C29D61B64D8FF00E80339 /* Frameworks */,
				065C29D71B64D8FF00E80339 /* Resources */,
			);
			buildRules = (
			);
			dependencies = (
				065C29DB1B64D8FF00E80339 /* PBXTargetDependency */,
			);
			name = GoodLuckTests;
			productName = GoodLuckTests;
			productReference = 065C29D91B64D8FF00E80339 /* GoodLuckTests.xctest */;
			productType = "com.apple.product-type.bundle.unit-test";
		};
/* End PBXNativeTarget section */

/* Begin PBXProject section */
		065C29B81B64D8FF00E80339 /* Project object */ = {
			isa = PBXProject;
			attributes = {
				LastUpgradeCheck = 0640;
				TargetAttributes = {
					065C29BF1B64D8FF00E80339 = {
						CreatedOnToolsVersion = 6.4;
					};
					065C29D81B64D8FF00E80339 = {
						CreatedOnToolsVersion = 6.4;
						TestTargetID = 065C29BF1B64D8FF00E80339;
					};
				};
			};
			buildConfigurationList = 065C29BB1B64D8FF00E80339 /* Build configuration list for PBXProject "GoodLuck" */;
			compatibilityVersion = "Xcode 3.2";
			developmentRegion = English;
			hasScannedForEncodings = 0;
			knownRegions = (
				en,
				Base,
			);
			mainGroup = 065C29B71B64D8FF00E80339;
			productRefGroup = 065C29C11B64D8FF00E80339 /* Products */;
			projectDirPath = "";
			projectRoot = "";
			targets = (
				065C29BF1B64D8FF00E80339 /* GoodLuck */,
				065C29D81B64D8FF00E80339 /* GoodLuckTests */,
			);
		};
/* End PBXProject section */

/* Begin PBXResourcesBuildPhase section */
		065C29BE1B64D8FF00E80339 /* Resources */ = {
			isa = PBXResourcesBuildPhase;
			buildActionMask = 2147483647;
			files = (
				065C29CF1B64D8FF00E80339 /* Main.storyboard in Resources */,
				065C29D41B64D8FF00E80339 /* LaunchScreen.xib in Resources */,
				065C29D11B64D8FF00E80339 /* Images.xcassets in Resources */,
			);
			runOnlyForDeploymentPostprocessing = 0;
		};
		065C29D71B64D8FF00E80339 /* Resources */ = {
			isa = PBXResourcesBuildPhase;
			buildActionMask = 2147483647;
			files = (
			);
			runOnlyForDeploymentPostprocessing = 0;
		};
/* End PBXResourcesBuildPhase section */

/* Begin PBXSourcesBuildPhase section */
		065C29BC1B64D8FF00E80339 /* Sources */ = {
			isa = PBXSourcesBuildPhase;
			buildActionMask = 2147483647;
			files = (
				065C29CC1B64D8FF00E80339 /* ViewController.m in Sources */,
				06164BA81B6C6C720085D1EA /* MyApp.cpp in Sources */,
				065C29EC1B64DB8F00E80339 /* AppDelegate.m in Sources */,
				065C29C61B64D8FF00E80339 /* main.mm in Sources */,
			);
			runOnlyForDeploymentPostprocessing = 0;
		};
		065C29D51B64D8FF00E80339 /* Sources */ = {
			isa = PBXSourcesBuildPhase;
			buildActionMask = 2147483647;
			files = (
				065C29E01B64D8FF00E80339 /* GoodLuckTests.m in Sources */,
			);
			runOnlyForDeploymentPostprocessing = 0;
		};
/* End PBXSourcesBuildPhase section */

/* Begin PBXTargetDependency section */
		065C29DB1B64D8FF00E80339 /* PBXTargetDependency */ = {
			isa = PBXTargetDependency;
			target = 065C29BF1B64D8FF00E80339 /* GoodLuck */;
			targetProxy = 065C29DA1B64D8FF00E80339 /* PBXContainerItemProxy */;
		};
/* End PBXTargetDependency section */

/* Begin PBXVariantGroup section */
		065C29CD1B64D8FF00E80339 /* Main.storyboard */ = {
			isa = PBXVariantGroup;
			children = (
				065C29CE1B64D8FF00E80339 /* Base */,
			);
			name = Main.storyboard;
			sourceTree = "<group>";
		};
		065C29D21B64D8FF00E80339 /* LaunchScreen.xib */ = {
			isa = PBXVariantGroup;
			children = (
				065C29D31B64D8FF00E80339 /* Base */,
			);
			name = LaunchScreen.xib;
			sourceTree = "<group>";
		};
/* End PBXVariantGroup section */

/* Begin XCBuildConfiguration section */
		065C29E11B64D8FF00E80339 /* Debug */ = {
			isa = XCBuildConfiguration;
			buildSettings = {
				ALWAYS_SEARCH_USER_PATHS = NO;
				CLANG_CXX_LANGUAGE_STANDARD = "gnu++0x";
				CLANG_CXX_LIBRARY = "libc++";
				CLANG_ENABLE_MODULES = YES;
				CLANG_ENABLE_OBJC_ARC = YES;
				CLANG_WARN_BOOL_CONVERSION = YES;
				CLANG_WARN_CONSTANT_CONVERSION = YES;
				CLANG_WARN_DIRECT_OBJC_ISA_USAGE = YES_ERROR;
				CLANG_WARN_EMPTY_BODY = YES;
				CLANG_WARN_ENUM_CONVERSION = YES;
				CLANG_WARN_INT_CONVERSION = YES;
				CLANG_WARN_OBJC_ROOT_CLASS = YES_ERROR;
				CLANG_WARN_UNREACHABLE_CODE = YES;
				CLANG_WARN__DUPLICATE_METHOD_MATCH = YES;
				"CODE_SIGN_IDENTITY[sdk=iphoneos*]" = "iPhone Developer";
				COPY_PHASE_STRIP = NO;
				DEBUG_INFORMATION_FORMAT = "dwarf-with-dsym";
				ENABLE_STRICT_OBJC_MSGSEND = YES;
				GCC_C_LANGUAGE_STANDARD = gnu99;
				GCC_DYNAMIC_NO_PIC = NO;
				GCC_NO_COMMON_BLOCKS = YES;
				GCC_OPTIMIZATION_LEVEL = 0;
				GCC_PREPROCESSOR_DEFINITIONS = (
					"DEBUG=1",
					"$(inherited)",
				);
				GCC_SYMBOLS_PRIVATE_EXTERN = NO;
				GCC_WARN_64_TO_32_BIT_CONVERSION = YES;
				GCC_WARN_ABOUT_RETURN_TYPE = YES_ERROR;
				GCC_WARN_UNDECLARED_SELECTOR = YES;
				GCC_WARN_UNINITIALIZED_AUTOS = YES_AGGRESSIVE;
				GCC_WARN_UNUSED_FUNCTION = YES;
				GCC_WARN_UNUSED_VARIABLE = YES;
				IPHONEOS_DEPLOYMENT_TARGET = 8.4;
				MTL_ENABLE_DEBUG_INFO = YES;
				ONLY_ACTIVE_ARCH = YES;
				SDKROOT = iphoneos;
				TARGETED_DEVICE_FAMILY = "1,2";
			};
			name = Debug;
		};
		065C29E21B64D8FF00E80339 /* Release */ = {
			isa = XCBuildConfiguration;
			buildSettings = {
				ALWAYS_SEARCH_USER_PATHS = NO;
				CLANG_CXX_LANGUAGE_STANDARD = "gnu++0x";
				CLANG_CXX_LIBRARY = "libc++";
				CLANG_ENABLE_MODULES = YES;
				CLANG_ENABLE_OBJC_ARC = YES;
				CLANG_WARN_BOOL_CONVERSION = YES;
				CLANG_WARN_CONSTANT_CONVERSION = YES;
				CLANG_WARN_DIRECT_OBJC_ISA_USAGE = YES_ERROR;
				CLANG_WARN_EMPTY_BODY = YES;
				CLANG_WARN_ENUM_CONVERSION = YES;
				CLANG_WARN_INT_CONVERSION = YES;
				CLANG_WARN_OBJC_ROOT_CLASS = YES_ERROR;
				CLANG_WARN_UNREACHABLE_CODE = YES;
				CLANG_WARN__DUPLICATE_METHOD_MATCH = YES;
				"CODE_SIGN_IDENTITY[sdk=iphoneos*]" = "iPhone Developer";
				COPY_PHASE_STRIP = NO;
				DEBUG_INFORMATION_FORMAT = "dwarf-with-dsym";
				ENABLE_NS_ASSERTIONS = NO;
				ENABLE_STRICT_OBJC_MSGSEND = YES;
				GCC_C_LANGUAGE_STANDARD = gnu99;
				GCC_NO_COMMON_BLOCKS = YES;
				GCC_WARN_64_TO_32_BIT_CONVERSION = YES;
				GCC_WARN_ABOUT_RETURN_TYPE = YES_ERROR;
				GCC_WARN_UNDECLARED_SELECTOR = YES;
				GCC_WARN_UNINITIALIZED_AUTOS = YES_AGGRESSIVE;
				GCC_WARN_UNUSED_FUNCTION = YES;
				GCC_WARN_UNUSED_VARIABLE = YES;
				IPHONEOS_DEPLOYMENT_TARGET = 8.4;
				MTL_ENABLE_DEBUG_INFO = NO;
				SDKROOT = iphoneos;
				TARGETED_DEVICE_FAMILY = "1,2";
				VALIDATE_PRODUCT = YES;
			};
			name = Release;
		};
		065C29E41B64D8FF00E80339 /* Debug */ = {
			isa = XCBuildConfiguration;
			buildSettings = {
				ASSETCATALOG_COMPILER_APPICON_NAME = AppIcon;
				GCC_PREPROCESSOR_DEFINITIONS = (
					"PJ_AUTOCONF=1",
					"DEBUG=1",
				);
				HEADER_SEARCH_PATHS = (
					"$(inherited)",
					/Applications/Xcode.app/Contents/Developer/Toolchains/XcodeDefault.xctoolchain/usr/include,
					./include,
				);
				INFOPLIST_FILE = GoodLuck/Info.plist;
				LD_RUNPATH_SEARCH_PATHS = "$(inherited) @executable_path/Frameworks";
				LIBRARY_SEARCH_PATHS = (
					"$(inherited)",
					./lib,
					"$(PROJECT_DIR)/lib",
					"/Users/hojolin/Documents/whitehorse/pjproject-2.4/third_party/lib",
				);
				ONLY_ACTIVE_ARCH = NO;
				PRODUCT_NAME = "$(TARGET_NAME)";
				VALID_ARCHS = armv7;
			};
			name = Debug;
		};
		065C29E51B64D8FF00E80339 /* Release */ = {
			isa = XCBuildConfiguration;
			buildSettings = {
				ASSETCATALOG_COMPILER_APPICON_NAME = AppIcon;
				GCC_PREPROCESSOR_DEFINITIONS = "PJ_AUTOCONF=1";
				HEADER_SEARCH_PATHS = (
					"$(inherited)",
					/Applications/Xcode.app/Contents/Developer/Toolchains/XcodeDefault.xctoolchain/usr/include,
					./include,
				);
				INFOPLIST_FILE = GoodLuck/Info.plist;
				LD_RUNPATH_SEARCH_PATHS = "$(inherited) @executable_path/Frameworks";
				LIBRARY_SEARCH_PATHS = (
					"$(inherited)",
					./lib,
					"$(PROJECT_DIR)/lib",
					"/Users/hojolin/Documents/whitehorse/pjproject-2.4/third_party/lib",
				);
				ONLY_ACTIVE_ARCH = NO;
				PRODUCT_NAME = "$(TARGET_NAME)";
				VALID_ARCHS = armv7;
			};
			name = Release;
		};
		065C29E71B64D8FF00E80339 /* Debug */ = {
			isa = XCBuildConfiguration;
			buildSettings = {
				BUNDLE_LOADER = "$(TEST_HOST)";
				FRAMEWORK_SEARCH_PATHS = (
					"$(SDKROOT)/Developer/Library/Frameworks",
					"$(inherited)",
				);
				GCC_PREPROCESSOR_DEFINITIONS = (
					"DEBUG=1",
					"$(inherited)",
				);
				INFOPLIST_FILE = GoodLuckTests/Info.plist;
				LD_RUNPATH_SEARCH_PATHS = "$(inherited) @executable_path/Frameworks @loader_path/Frameworks";
				PRODUCT_NAME = "$(TARGET_NAME)";
				TEST_HOST = "$(BUILT_PRODUCTS_DIR)/GoodLuck.app/GoodLuck";
			};
			name = Debug;
		};
		065C29E81B64D8FF00E80339 /* Release */ = {
			isa = XCBuildConfiguration;
			buildSettings = {
				BUNDLE_LOADER = "$(TEST_HOST)";
				FRAMEWORK_SEARCH_PATHS = (
					"$(SDKROOT)/Developer/Library/Frameworks",
					"$(inherited)",
				);
				INFOPLIST_FILE = GoodLuckTests/Info.plist;
				LD_RUNPATH_SEARCH_PATHS = "$(inherited) @executable_path/Frameworks @loader_path/Frameworks";
				PRODUCT_NAME = "$(TARGET_NAME)";
				TEST_HOST = "$(BUILT_PRODUCTS_DIR)/GoodLuck.app/GoodLuck";
			};
			name = Release;
		};
/* End XCBuildConfiguration section */

/* Begin XCConfigurationList section */
		065C29BB1B64D8FF00E80339 /* Build configuration list for PBXProject "GoodLuck" */ = {
			isa = XCConfigurationList;
			buildConfigurations = (
				065C29E11B64D8FF00E80339 /* Debug */,
				065C29E21B64D8FF00E80339 /* Release */,
			);
			defaultConfigurationIsVisible = 0;
			defaultConfigurationName = Release;
		};
		065C29E31B64D8FF00E80339 /* Build configuration list for PBXNativeTarget "GoodLuck" */ = {
			isa = XCConfigurationList;
			buildConfigurations = (
				065C29E41B64D8FF00E80339 /* Debug */,
				065C29E51B64D8FF00E80339 /* Release */,
			);
			defaultConfigurationIsVisible = 0;
			defaultConfigurationName = Release;
		};
		065C29E61B64D8FF00E80339 /* Build configuration list for PBXNativeTarget "GoodLuckTests" */ = {
			isa = XCConfigurationList;
			buildConfigurations = (
				065C29E71B64D8FF00E80339 /* Debug */,
				065C29E81B64D8FF00E80339 /* Release */,
			);
			defaultConfigurationIsVisible = 0;
			defaultConfigurationName = Release;
		};
/* End XCConfigurationList section */
	};
	rootObject = 065C29B81B64D8FF00E80339 /* Project object */;
}
